PODS:
  - AFNetworking (3.1.0):
    - AFNetworking/NSURLSession (= 3.1.0)
    - AFNetworking/Reachability (= 3.1.0)
    - AFNetworking/Security (= 3.1.0)
    - AFNetworking/Serialization (= 3.1.0)
    - AFNetworking/UIKit (= 3.1.0)
  - AFNetworking/NSURLSession (3.1.0):
    - AFNetworking/Reachability
    - AFNetworking/Security
    - AFNetworking/Serialization
  - AFNetworking/Reachability (3.1.0)
  - AFNetworking/Security (3.1.0)
  - AFNetworking/Serialization (3.1.0)
  - AFNetworking/UIKit (3.1.0):
    - AFNetworking/NSURLSession
  - AMap3DMap (7.1.0):
    - AMapFoundation (~> 1.5)
  - AMapFoundation (1.6.0)
  - AMapLocation (2.6.3):
    - AMapFoundation (~> 1.4)
  - boost-for-react-native (1.63.0)
  - CocoaSecurity (1.2.4)
  - DoubleConversion (1.1.5)
  - FDStackView (1.0)
  - FMDB (2.7.2):
    - FMDB/standard (= 2.7.2)
  - FMDB/standard (2.7.2)
  - Folly (2016.09.26.00):
    - boost-for-react-native
    - DoubleConversion
    - glog
  - glog (0.3.4)
  - IconFont (1.0.2)
  - JCore (2.1.4)
  - JPush (3.2.6):
    - JCore (< 3.0.0, >= 2.0.0)
  - Masonry (1.1.0)
  - MBProgressHUD (0.9.2)
  - MJExtension (3.2.1)
  - MJRefresh (3.1.14)
  - PNChart (0.8.9):
    - UICountingLabel (~> 1.2.0)
  - React (0.55.4):
    - React/Core (= 0.55.4)
  - React/Core (0.55.4):
    - yoga (= 0.55.4.React)
  - React/CxxBridge (0.55.4):
    - Folly (= 2016.09.26.00)
    - React/Core
    - React/cxxreact
  - React/cxxreact (0.55.4):
    - boost-for-react-native (= 1.63.0)
    - Folly (= 2016.09.26.00)
    - React/jschelpers
    - React/jsinspector
  - React/DevSupport (0.55.4):
    - React/Core
    - React/RCTWebSocket
  - React/fishhook (0.55.4)
  - React/jschelpers (0.55.4):
    - Folly (= 2016.09.26.00)
    - React/PrivateDatabase
  - React/jsinspector (0.55.4)
  - React/PrivateDatabase (0.55.4)
  - React/RCTActionSheet (0.55.4):
    - React/Core
  - React/RCTAnimation (0.55.4):
    - React/Core
  - React/RCTBlob (0.55.4):
    - React/Core
  - React/RCTImage (0.55.4):
    - React/Core
    - React/RCTNetwork
  - React/RCTLinkingIOS (0.55.4):
    - React/Core
  - React/RCTNetwork (0.55.4):
    - React/Core
  - React/RCTSettings (0.55.4):
    - React/Core
  - React/RCTText (0.55.4):
    - React/Core
  - React/RCTVibration (0.55.4):
    - React/Core
  - React/RCTWebSocket (0.55.4):
    - React/Core
    - React/fishhook
    - React/RCTBlob
  - RNVectorIcons (4.6.0):
    - React
  - RTRootNavigationController (0.6.3):
    - RTRootNavigationController/Core (= 0.6.3)
  - RTRootNavigationController/Core (0.6.3)
  - SDCycleScrollView (1.65):
    - SDWebImage (~> 3.7)
  - SDWebImage (3.8.2):
    - SDWebImage/Core (= 3.8.2)
  - SDWebImage/Core (3.8.2)
  - UICountingLabel (1.2.0)
  - UMCAnalytics (6.0.5):
    - UMCCommon
  - UMCCommon (2.1.1)
  - UMCErrorCatch (1.0.0):
    - UMCCommon
  - WebViewJavascriptBridge (6.0.3)
  - yoga (0.55.4.React)
  - YTKNetwork (2.1.4):
    - AFNetworking/NSURLSession (~> 3.0)
  - YYKit (1.0.9):
    - YYKit/no-arc (= 1.0.9)
  - YYKit/no-arc (1.0.9)

DEPENDENCIES:
  - AFNetworking
  - AMap3DMap
  - AMapLocation
  - CocoaSecurity
  - DoubleConversion (from `../node_modules/react-native/third-party-podspecs/DoubleConversion.podspec`)
  - FDStackView (= 1.0)
  - FMDB
  - Folly (from `../node_modules/react-native/third-party-podspecs/Folly.podspec`)
  - glog (from `../node_modules/react-native/third-party-podspecs/glog.podspec`)
  - IconFont
  - JPush
  - Masonry
  - MBProgressHUD
  - MJExtension
  - MJRefresh
  - PNChart
  - React/Core (from `../node_modules/react-native`)
  - React/CxxBridge (from `../node_modules/react-native`)
  - React/DevSupport (from `../node_modules/react-native`)
  - React/RCTActionSheet (from `../node_modules/react-native`)
  - React/RCTAnimation (from `../node_modules/react-native`)
  - React/RCTImage (from `../node_modules/react-native`)
  - React/RCTLinkingIOS (from `../node_modules/react-native`)
  - React/RCTNetwork (from `../node_modules/react-native`)
  - React/RCTSettings (from `../node_modules/react-native`)
  - React/RCTText (from `../node_modules/react-native`)
  - React/RCTVibration (from `../node_modules/react-native`)
  - React/RCTWebSocket (from `../node_modules/react-native`)
  - RNVectorIcons (from `../node_modules/react-native-vector-icons`)
  - RTRootNavigationController
  - SDCycleScrollView
  - SDWebImage
  - UMCAnalytics
  - UMCCommon
  - UMCErrorCatch
  - WebViewJavascriptBridge
  - yoga (from `../node_modules/react-native/ReactCommon/yoga`)
  - YTKNetwork
  - YYKit

SPEC REPOS:
  https://github.com/CocoaPods/Specs.git:
    - AFNetworking
    - AMap3DMap
    - AMapFoundation
    - AMapLocation
    - boost-for-react-native
    - CocoaSecurity
    - FDStackView
    - FMDB
    - IconFont
    - JCore
    - JPush
    - Masonry
    - MBProgressHUD
    - MJExtension
    - MJRefresh
    - PNChart
    - RTRootNavigationController
    - SDCycleScrollView
    - SDWebImage
    - UICountingLabel
    - UMCAnalytics
    - UMCCommon
    - UMCErrorCatch
    - WebViewJavascriptBridge
    - YTKNetwork
    - YYKit

EXTERNAL SOURCES:
  DoubleConversion:
    :podspec: "../node_modules/react-native/third-party-podspecs/DoubleConversion.podspec"
  Folly:
    :podspec: "../node_modules/react-native/third-party-podspecs/Folly.podspec"
  glog:
    :podspec: "../node_modules/react-native/third-party-podspecs/glog.podspec"
  React:
    :path: "../node_modules/react-native"
  RNVectorIcons:
    :path: "../node_modules/react-native-vector-icons"
  yoga:
    :path: "../node_modules/react-native/ReactCommon/yoga"

SPEC CHECKSUMS:
  AFNetworking: 5e0e199f73d8626b11e79750991f5d173d1f8b67
  AMap3DMap: ef26e2fb120ae9f1635b4b26b28df6d1379a05f0
  AMapFoundation: bc2f6e077b9279942734ba55f9624222fcf42848
  AMapLocation: dc2c4fde95d72087d73934338160fadc72104bb7
  boost-for-react-native: 39c7adb57c4e60d6c5479dd8623128eb5b3f0f2c
  CocoaSecurity: d288a6f87e0f363823d2cb83e753814a6944f71a
  DoubleConversion: e22e0762848812a87afd67ffda3998d9ef29170c
  FDStackView: 3a4bbe0ce9c35e974246a585168b9da8c32213f1
  FMDB: 6198a90e7b6900cfc046e6bc0ef6ebb7be9236aa
  Folly: 211775e49d8da0ca658aebc8eab89d642935755c
  glog: 1de0bb937dccdc981596d3b5825ebfb765017ded
  IconFont: 97ff724bc6d26aac018678a2da4f8542600e5a67
  JCore: d345c049141877eb61c33011455fdb5fcab1673f
  JPush: 41dd48a69bd8c08abc692dc7f2b23c0fb281471f
  Masonry: 678fab65091a9290e40e2832a55e7ab731aad201
  MBProgressHUD: 1569cf7ace17a8bac47aabfbb8580a49690386d1
  MJExtension: 635f2c663dcb1bf76fa4b715b2570a5710aec545
  MJRefresh: 6642e35b3227a5447b9fd5e17c552c90196c9859
  PNChart: 84774d225c2126ded6c93d4dbe6ae98c3a73c2d2
  React: 755b16d9a9387e856d4dce6528130c51e4d409b8
  RNVectorIcons: a3c395829c56e2cb054a0730126298bf805a2dca
  RTRootNavigationController: 09e3a113feecf21c194a83ad6755f5f319723c54
  SDCycleScrollView: f72904c77698a7f93a41bcbbc2d78b073bf7326c
  SDWebImage: 098e97e6176540799c27e804c96653ee0833d13c
  UICountingLabel: 1db4e7d023e1762171eb226d6dff47a7a84f27aa
  UMCAnalytics: 045be2cd1ec05aa95ad62405a850757f932e2d59
  UMCCommon: 971f324a5a99c9d662ae040a815e7e3d7ef8b2a8
  UMCErrorCatch: 51f1b68f920233e90a3fa6d51f0456174507ec78
  WebViewJavascriptBridge: 7f5bc4d3581e672e8f32bd0f812d54bc69bb8e29
  yoga: c3ce6137f85f60c93a834235d7f08e2b44a42eed
  YTKNetwork: 19be749c30f0512ada07180f4637b4b67bc8ddc2
  YYKit: 7cda43304a8dc3696c449041e2cb3107b4e236e7

PODFILE CHECKSUM: c1921ab679ccfa9649b7540dd0b32e0e2b753ac7

COCOAPODS: 1.9.1
