PODS:
  - AFNetworking (3.1.0):
    - AFNetworking/NSURLSession (= 3.1.0)
    - AFNetworking/Reachability (= 3.1.0)
    - AFNetworking/Security (= 3.1.0)
    - AFNetworking/Serialization (= 3.1.0)
    - AFNetworking/UIKit (= 3.1.0)
  - AFNetworking/NSURLSession (3.1.0):
    - AFNetworking/Reachability
    - AFNetworking/Security
    - AFNetworking/Serialization
  - AFNetworking/Reachability (3.1.0)
  - AFNetworking/Security (3.1.0)
  - AFNetworking/Serialization (3.1.0)
  - AFNetworking/UIKit (3.1.0):
    - AFNetworking/NSURLSession
  - IconFont (1.0.2)
  - Masonry (1.0.2)
  - MJExtension (3.0.13)
  - MJRefresh (3.1.12)
  - React (0.43.4):
    - React/Core (= 0.43.4)
  - React/Core (0.43.4):
    - React/cxxreact
    - Yoga (= 0.43.4.React)
  - React/cxxreact (0.43.4):
    - React/jschelpers
  - React/DevSupport (0.43.4):
    - React/Core
    - React/RCTWebSocket
  - React/jschelpers (0.43.4)
  - React/RCTActionSheet (0.43.4):
    - React/Core
  - React/RCTAnimation (0.43.4):
    - React/Core
  - React/RCTImage (0.43.4):
    - React/Core
    - React/RCTNetwork
  - React/RCTLinkingIOS (0.43.4):
    - React/Core
  - React/RCTNetwork (0.43.4):
    - React/Core
  - React/RCTSettings (0.43.4):
    - React/Core
  - React/RCTText (0.43.4):
    - React/Core
  - React/RCTVibration (0.43.4):
    - React/Core
  - React/RCTWebSocket (0.43.4):
    - React/Core
  - RNVectorIcons (4.3.0):
    - React
  - RTRootNavigationController (0.5.26):
    - RTRootNavigationController/Core (= 0.5.26)
  - RTRootNavigationController/Core (0.5.26)
  - SDCycleScrollView (1.73):
    - SDWebImage (~> 4.0.0)
  - SDWebImage (4.0.0):
    - SDWebImage/Core (= 4.0.0)
  - SDWebImage/Core (4.0.0)
  - Yoga (0.43.4.React)

DEPENDENCIES:
  - AFNetworking
  - IconFont
  - Masonry
  - MJExtension
  - MJRefresh
  - React/Core (from `../node_modules/react-native`)
  - React/DevSupport (from `../node_modules/react-native`)
  - React/RCTActionSheet (from `../node_modules/react-native`)
  - React/RCTAnimation (from `../node_modules/react-native`)
  - React/RCTImage (from `../node_modules/react-native`)
  - React/RCTLinkingIOS (from `../node_modules/react-native`)
  - React/RCTNetwork (from `../node_modules/react-native`)
  - React/RCTSettings (from `../node_modules/react-native`)
  - React/RCTText (from `../node_modules/react-native`)
  - React/RCTVibration (from `../node_modules/react-native`)
  - React/RCTWebSocket (from `../node_modules/react-native`)
  - RNVectorIcons (from `../node_modules/react-native-vector-icons`)
  - RTRootNavigationController
  - SDCycleScrollView
  - SDWebImage
  - Yoga (from `../node_modules/react-native/ReactCommon/yoga`)

EXTERNAL SOURCES:
  React:
    :path: ../node_modules/react-native
  RNVectorIcons:
    :path: ../node_modules/react-native-vector-icons
  Yoga:
    :path: ../node_modules/react-native/ReactCommon/yoga

SPEC CHECKSUMS:
  AFNetworking: 5e0e199f73d8626b11e79750991f5d173d1f8b67
  IconFont: 97ff724bc6d26aac018678a2da4f8542600e5a67
  Masonry: 7c429b56da9d4ee0bbb3ed77a5ea710d6a5df39e
  MJExtension: 5932755f451458eefa24239358817f8d291240c7
  MJRefresh: b96cdb21c4aa75a7b07654311ab2f315c497e806
  React: 607aa7eb8b0e44b102f95f43fd49dc8aedefa93f
  RNVectorIcons: a58392f365a38ffd3a070bf7449c0145bd0814e1
  RTRootNavigationController: 153e538439fa20faec706019b04375f6c6fabeb6
  SDCycleScrollView: d0fd5fe40a80918371fd8939214eb3be81033d83
  SDWebImage: 76a6348bdc74eb5a55dd08a091ef298e56b55e41
  Yoga: 2a70bc5ab41486a272b9fd5b76c482ba9268c5dd

PODFILE CHECKSUM: e5c0393fdab98ba7a4ca0d24958a08bab0041b96

COCOAPODS: 1.3.1
